
Microsoft Visual Studio Solution File, Format Version 12.00
# Visual Studio Version 17
VisualStudioVersion = 17.5.33627.172
MinimumVisualStudioVersion = 10.0.40219.1
Project("{FAE04EC0-301F-11D3-BF4B-00C04F79EFBC}") = "ThanksgivingWPF", "ThanksgivingWPF.csproj", "{6514918E-354A-4156-AA99-D0206DDB53EA}"
EndProject
Global
	GlobalSection(SolutionConfigurationPlatforms) = preSolution
		Debug|Any CPU = Debug|Any CPU
		Release|Any CPU = Release|Any CPU
	EndGlobalSection
	GlobalSection(ProjectConfigurationPlatforms) = postSolution
		{6514918E-354A-4156-AA99-D0206DDB53EA}.Debug|Any CPU.ActiveCfg = Debug|Any CPU
		{6514918E-354A-4156-AA99-D0206DDB53EA}.Debug|Any CPU.Build.0 = Debug|Any CPU
		{6514918E-354A-4156-AA99-D0206DDB53EA}.Release|Any CPU.ActiveCfg = Release|Any CPU
		{6514918E-354A-4156-AA99-D0206DDB53EA}.Release|Any CPU.Build.0 = Release|Any CPU
	EndGlobalSection
	GlobalSection(SolutionProperties) = preSolution
		HideSolutionNode = FALSE
	EndGlobalSection
	GlobalSection(ExtensibilityGlobals) = postSolution
		SolutionGuid = {2A380E81-7BB9-4D83-91D5-5C464D6C82F8}
	EndGlobalSection
EndGlobal
